// !$*UTF8*$!
{
	archiveVersion = 1;
	classes = {
	};
	objectVersion = 50;
	objects = {

/* Begin PBXBuildFile section */
		BB3FB0D922909EEC00AC4370 /* AppDelegate.swift in Sources */ = {isa = PBXBuildFile; fileRef = BB3FB0D822909EEC00AC4370 /* AppDelegate.swift */; };
		BB3FB0DB22909EEC00AC4370 /* LocationsViewController.swift in Sources */ = {isa = PBXBuildFile; fileRef = BB3FB0DA22909EEC00AC4370 /* LocationsViewController.swift */; };
		BB3FB0E022909EED00AC4370 /* Assets.xcassets in Resources */ = {isa = PBXBuildFile; fileRef = BB3FB0DF22909EED00AC4370 /* Assets.xcassets */; };
		BB3FB0E322909EED00AC4370 /* LaunchScreen.storyboard in Resources */ = {isa = PBXBuildFile; fileRef = BB3FB0E122909EED00AC4370 /* LaunchScreen.storyboard */; };
		BB3FB0EF2290A22000AC4370 /* Location.swift in Sources */ = {isa = PBXBuildFile; fileRef = BB3FB0EE2290A22000AC4370 /* Location.swift */; };
		BB4F6B2B22918E4C0006F175 /* WikipediaDeepLinkTests.swift in Sources */ = {isa = PBXBuildFile; fileRef = BB4F6B2A22918E4C0006F175 /* WikipediaDeepLinkTests.swift */; };
/* End PBXBuildFile section */

/* Begin PBXContainerItemProxy section */
		BB4F6B2D22918E4C0006F175 /* PBXContainerItemProxy */ = {
			isa = PBXContainerItemProxy;
			containerPortal = BB3FB0CD22909EEC00AC4370 /* Project object */;
			proxyType = 1;
			remoteGlobalIDString = BB3FB0D422909EEC00AC4370;
			remoteInfo = WikipediaDeepLink;
		};
/* End PBXContainerItemProxy section */

/* Begin PBXFileReference section */
		BB3FB0D522909EEC00AC4370 /* WikipediaDeepLink.app */ = {isa = PBXFileReference; explicitFileType = wrapper.application; includeInIndex = 0; path = WikipediaDeepLink.app; sourceTree = BUILT_PRODUCTS_DIR; };
		BB3FB0D822909EEC00AC4370 /* AppDelegate.swift */ = {isa = PBXFileReference; lastKnownFileType = sourcecode.swift; path = AppDelegate.swift; sourceTree = "<group>"; };
		BB3FB0DA22909EEC00AC4370 /* LocationsViewController.swift */ = {isa = PBXFileReference; lastKnownFileType = sourcecode.swift; path = LocationsViewController.swift; sourceTree = "<group>"; };
		BB3FB0DF22909EED00AC4370 /* Assets.xcassets */ = {isa = PBXFileReference; lastKnownFileType = folder.assetcatalog; path = Assets.xcassets; sourceTree = "<group>"; };
		BB3FB0E222909EED00AC4370 /* Base */ = {isa = PBXFileReference; lastKnownFileType = file.storyboard; name = Base; path = Base.lproj/LaunchScreen.storyboard; sourceTree = "<group>"; };
		BB3FB0E422909EED00AC4370 /* Info.plist */ = {isa = PBXFileReference; lastKnownFileType = text.plist.xml; path = Info.plist; sourceTree = "<group>"; };
		BB3FB0EE2290A22000AC4370 /* Location.swift */ = {isa = PBXFileReference; lastKnownFileType = sourcecode.swift; path = Location.swift; sourceTree = "<group>"; };
		BB4F6B2822918E4C0006F175 /* WikipediaDeepLinkTests.xctest */ = {isa = PBXFileReference; explicitFileType = wrapper.cfbundle; includeInIndex = 0; path = WikipediaDeepLinkTests.xctest; sourceTree = BUILT_PRODUCTS_DIR; };
		BB4F6B2A22918E4C0006F175 /* WikipediaDeepLinkTests.swift */ = {isa = PBXFileReference; lastKnownFileType = sourcecode.swift; path = WikipediaDeepLinkTests.swift; sourceTree = "<group>"; };
		BB4F6B2C22918E4C0006F175 /* Info.plist */ = {isa = PBXFileReference; lastKnownFileType = text.plist.xml; path = Info.plist; sourceTree = "<group>"; };
/* End PBXFileReference section */

/* Begin PBXFrameworksBuildPhase section */
		BB3FB0D222909EEC00AC4370 /* Frameworks */ = {
			isa = PBXFrameworksBuildPhase;
			buildActionMask = 2147483647;
			files = (
			);
			runOnlyForDeploymentPostprocessing = 0;
		};
		BB4F6B2522918E4C0006F175 /* Frameworks */ = {
			isa = PBXFrameworksBuildPhase;
			buildActionMask = 2147483647;
			files = (
			);
			runOnlyForDeploymentPostprocessing = 0;
		};
/* End PBXFrameworksBuildPhase section */

/* Begin PBXGroup section */
		3B7F6D55668B781B77E07714 /* Pods */ = {
			isa = PBXGroup;
			children = (
			);
			path = Pods;
			sourceTree = "<group>";
		};
		BB3FB0CC22909EEC00AC4370 = {
			isa = PBXGroup;
			children = (
				BB3FB0D722909EEC00AC4370 /* WikipediaDeepLink */,
				BB4F6B2922918E4C0006F175 /* WikipediaDeepLinkTests */,
				BB3FB0D622909EEC00AC4370 /* Products */,
				3B7F6D55668B781B77E07714 /* Pods */,
			);
			sourceTree = "<group>";
		};
		BB3FB0D622909EEC00AC4370 /* Products */ = {
			isa = PBXGroup;
			children = (
				BB3FB0D522909EEC00AC4370 /* WikipediaDeepLink.app */,
				BB4F6B2822918E4C0006F175 /* WikipediaDeepLinkTests.xctest */,
			);
			name = Products;
			sourceTree = "<group>";
		};
		BB3FB0D722909EEC00AC4370 /* WikipediaDeepLink */ = {
			isa = PBXGroup;
			children = (
				BB3FB0ED2290A1A900AC4370 /* Application */,
				BB3FB0EB2290A16500AC4370 /* Controller */,
				BB3FB0EA2290A16000AC4370 /* Model */,
			);
			path = WikipediaDeepLink;
			sourceTree = "<group>";
		};
		BB3FB0EA2290A16000AC4370 /* Model */ = {
			isa = PBXGroup;
			children = (
				BB3FB0EE2290A22000AC4370 /* Location.swift */,
			);
			path = Model;
			sourceTree = "<group>";
		};
		BB3FB0EB2290A16500AC4370 /* Controller */ = {
			isa = PBXGroup;
			children = (
				BB3FB0DA22909EEC00AC4370 /* LocationsViewController.swift */,
			);
			path = Controller;
			sourceTree = "<group>";
		};
		BB3FB0ED2290A1A900AC4370 /* Application */ = {
			isa = PBXGroup;
			children = (
				BB3FB0E122909EED00AC4370 /* LaunchScreen.storyboard */,
				BB3FB0D822909EEC00AC4370 /* AppDelegate.swift */,
				BB3FB0DF22909EED00AC4370 /* Assets.xcassets */,
				BB3FB0E422909EED00AC4370 /* Info.plist */,
			);
			path = Application;
			sourceTree = "<group>";
		};
		BB4F6B2922918E4C0006F175 /* WikipediaDeepLinkTests */ = {
			isa = PBXGroup;
			children = (
				BB4F6B2A22918E4C0006F175 /* WikipediaDeepLinkTests.swift */,
				BB4F6B2C22918E4C0006F175 /* Info.plist */,
			);
			path = WikipediaDeepLinkTests;
			sourceTree = "<group>";
		};
/* End PBXGroup section */

/* Begin PBXNativeTarget section */
		BB3FB0D422909EEC00AC4370 /* WikipediaDeepLink */ = {
			isa = PBXNativeTarget;
			buildConfigurationList = BB3FB0E722909EED00AC4370 /* Build configuration list for PBXNativeTarget "WikipediaDeepLink" */;
			buildPhases = (
				BB3FB0D122909EEC00AC4370 /* Sources */,
				BB3FB0D222909EEC00AC4370 /* Frameworks */,
				BB3FB0D322909EEC00AC4370 /* Resources */,
			);
			buildRules = (
			);
			dependencies = (
			);
			name = WikipediaDeepLink;
			productName = WikipediaDeepLink;
			productReference = BB3FB0D522909EEC00AC4370 /* WikipediaDeepLink.app */;
			productType = "com.apple.product-type.application";
		};
		BB4F6B2722918E4C0006F175 /* WikipediaDeepLinkTests */ = {
			isa = PBXNativeTarget;
			buildConfigurationList = BB4F6B3122918E4C0006F175 /* Build configuration list for PBXNativeTarget "WikipediaDeepLinkTests" */;
			buildPhases = (
				BB4F6B2422918E4C0006F175 /* Sources */,
				BB4F6B2522918E4C0006F175 /* Frameworks */,
				BB4F6B2622918E4C0006F175 /* Resources */,
			);
			buildRules = (
			);
			dependencies = (
				BB4F6B2E22918E4C0006F175 /* PBXTargetDependency */,
			);
			name = WikipediaDeepLinkTests;
			productName = WikipediaDeepLinkTests;
			productReference = BB4F6B2822918E4C0006F175 /* WikipediaDeepLinkTests.xctest */;
			productType = "com.apple.product-type.bundle.unit-test";
		};
/* End PBXNativeTarget section */

/* Begin PBXProject section */
		BB3FB0CD22909EEC00AC4370 /* Project object */ = {
			isa = PBXProject;
			attributes = {
				LastSwiftUpdateCheck = 1020;
				LastUpgradeCheck = 1020;
				ORGANIZATIONNAME = "Kaan Baris Bayrak";
				TargetAttributes = {
					BB3FB0D422909EEC00AC4370 = {
						CreatedOnToolsVersion = 10.2.1;
					};
					BB4F6B2722918E4C0006F175 = {
						CreatedOnToolsVersion = 10.2.1;
						TestTargetID = BB3FB0D422909EEC00AC4370;
					};
				};
			};
			buildConfigurationList = BB3FB0D022909EEC00AC4370 /* Build configuration list for PBXProject "WikipediaDeepLink" */;
			compatibilityVersion = "Xcode 9.3";
			developmentRegion = en;
			hasScannedForEncodings = 0;
			knownRegions = (
				en,
				Base,
			);
			mainGroup = BB3FB0CC22909EEC00AC4370;
			productRefGroup = BB3FB0D622909EEC00AC4370 /* Products */;
			projectDirPath = "";
			projectRoot = "";
			targets = (
				BB3FB0D422909EEC00AC4370 /* WikipediaDeepLink */,
				BB4F6B2722918E4C0006F175 /* WikipediaDeepLinkTests */,
			);
		};
/* End PBXProject section */

/* Begin PBXResourcesBuildPhase section */
		BB3FB0D322909EEC00AC4370 /* Resources */ = {
			isa = PBXResourcesBuildPhase;
			buildActionMask = 2147483647;
			files = (
				BB3FB0E322909EED00AC4370 /* LaunchScreen.storyboard in Resources */,
				BB3FB0E022909EED00AC4370 /* Assets.xcassets in Resources */,
			);
			runOnlyForDeploymentPostprocessing = 0;
		};
		BB4F6B2622918E4C0006F175 /* Resources */ = {
			isa = PBXResourcesBuildPhase;
			buildActionMask = 2147483647;
			files = (
			);
			runOnlyForDeploymentPostprocessing = 0;
		};
/* End PBXResourcesBuildPhase section */

/* Begin PBXSourcesBuildPhase section */
		BB3FB0D122909EEC00AC4370 /* Sources */ = {
			isa = PBXSourcesBuildPhase;
			buildActionMask = 2147483647;
			files = (
				BB3FB0DB22909EEC00AC4370 /* LocationsViewController.swift in Sources */,
				BB3FB0EF2290A22000AC4370 /* Location.swift in Sources */,
				BB3FB0D922909EEC00AC4370 /* AppDelegate.swift in Sources */,
			);
			runOnlyForDeploymentPostprocessing = 0;
		};
		BB4F6B2422918E4C0006F175 /* Sources */ = {
			isa = PBXSourcesBuildPhase;
			buildActionMask = 2147483647;
			files = (
				BB4F6B2B22918E4C0006F175 /* WikipediaDeepLinkTests.swift in Sources */,
			);
			runOnlyForDeploymentPostprocessing = 0;
		};
/* End PBXSourcesBuildPhase section */

/* Begin PBXTargetDependency section */
		BB4F6B2E22918E4C0006F175 /* PBXTargetDependency */ = {
			isa = PBXTargetDependency;
			target = BB3FB0D422909EEC00AC4370 /* WikipediaDeepLink */;
			targetProxy = BB4F6B2D22918E4C0006F175 /* PBXContainerItemProxy */;
		};
/* End PBXTargetDependency section */

/* Begin PBXVariantGroup section */
		BB3FB0E122909EED00AC4370 /* LaunchScreen.storyboard */ = {
			isa = PBXVariantGroup;
			children = (
				BB3FB0E222909EED00AC4370 /* Base */,
			);
			name = LaunchScreen.storyboard;
			sourceTree = "<group>";
		};
/* End PBXVariantGroup section */

/* Begin XCBuildConfiguration section */
		BB3FB0E522909EED00AC4370 /* Debug */ = {
			isa = XCBuildConfiguration;
			buildSettings = {
				ALWAYS_SEARCH_USER_PATHS = NO;
				CLANG_ANALYZER_NONNULL = YES;
				CLANG_ANALYZER_NUMBER_OBJECT_CONVERSION = YES_AGGRESSIVE;
				CLANG_CXX_LANGUAGE_STANDARD = "gnu++14";
				CLANG_CXX_LIBRARY = "libc++";
				CLANG_ENABLE_MODULES = YES;
				CLANG_ENABLE_OBJC_ARC = YES;
				CLANG_ENABLE_OBJC_WEAK = YES;
				CLANG_WARN_BLOCK_CAPTURE_AUTORELEASING = YES;
				CLANG_WARN_BOOL_CONVERSION = YES;
				CLANG_WARN_COMMA = YES;
				CLANG_WARN_CONSTANT_CONVERSION = YES;
				CLANG_WARN_DEPRECATED_OBJC_IMPLEMENTATIONS = YES;
				CLANG_WARN_DIRECT_OBJC_ISA_USAGE = YES_ERROR;
				CLANG_WARN_DOCUMENTATION_COMMENTS = YES;
				CLANG_WARN_EMPTY_BODY = YES;
				CLANG_WARN_ENUM_CONVERSION = YES;
				CLANG_WARN_INFINITE_RECURSION = YES;
				CLANG_WARN_INT_CONVERSION = YES;
				CLANG_WARN_NON_LITERAL_NULL_CONVERSION = YES;
				CLANG_WARN_OBJC_IMPLICIT_RETAIN_SELF = YES;
				CLANG_WARN_OBJC_LITERAL_CONVERSION = YES;
				CLANG_WARN_OBJC_ROOT_CLASS = YES_ERROR;
				CLANG_WARN_RANGE_LOOP_ANALYSIS = YES;
				CLANG_WARN_STRICT_PROTOTYPES = YES;
				CLANG_WARN_SUSPICIOUS_MOVE = YES;
				CLANG_WARN_UNGUARDED_AVAILABILITY = YES_AGGRESSIVE;
				CLANG_WARN_UNREACHABLE_CODE = YES;
				CLANG_WARN__DUPLICATE_METHOD_MATCH = YES;
				CODE_SIGN_IDENTITY = "iPhone Developer";
				COPY_PHASE_STRIP = NO;
				DEBUG_INFORMATION_FORMAT = dwarf;
				ENABLE_STRICT_OBJC_MSGSEND = YES;
				ENABLE_TESTABILITY = YES;
				GCC_C_LANGUAGE_STANDARD = gnu11;
				GCC_DYNAMIC_NO_PIC = NO;
				GCC_NO_COMMON_BLOCKS = YES;
				GCC_OPTIMIZATION_LEVEL = 0;
				GCC_PREPROCESSOR_DEFINITIONS = (
					"DEBUG=1",
					"$(inherited)",
				);
				GCC_WARN_64_TO_32_BIT_CONVERSION = YES;
				GCC_WARN_ABOUT_RETURN_TYPE = YES_ERROR;
				GCC_WARN_UNDECLARED_SELECTOR = YES;
				GCC_WARN_UNINITIALIZED_AUTOS = YES_AGGRESSIVE;
				GCC_WARN_UNUSED_FUNCTION = YES;
				GCC_WARN_UNUSED_VARIABLE = YES;
				IPHONEOS_DEPLOYMENT_TARGET = 12.2;
				MTL_ENABLE_DEBUG_INFO = INCLUDE_SOURCE;
				MTL_FAST_MATH = YES;
				ONLY_ACTIVE_ARCH = YES;
				SDKROOT = iphoneos;
				SWIFT_ACTIVE_COMPILATION_CONDITIONS = DEBUG;
				SWIFT_OPTIMIZATION_LEVEL = "-Onone";
			};
			name = Debug;
		};
		BB3FB0E622909EED00AC4370 /* Release */ = {
			isa = XCBuildConfiguration;
			buildSettings = {
				ALWAYS_SEARCH_USER_PATHS = NO;
				CLANG_ANALYZER_NONNULL = YES;
				CLANG_ANALYZER_NUMBER_OBJECT_CONVERSION = YES_AGGRESSIVE;
				CLANG_CXX_LANGUAGE_STANDARD = "gnu++14";
				CLANG_CXX_LIBRARY = "libc++";
				CLANG_ENABLE_MODULES = YES;
				CLANG_ENABLE_OBJC_ARC = YES;
				CLANG_ENABLE_OBJC_WEAK = YES;
				CLANG_WARN_BLOCK_CAPTURE_AUTORELEASING = YES;
				CLANG_WARN_BOOL_CONVERSION = YES;
				CLANG_WARN_COMMA = YES;
				CLANG_WARN_CONSTANT_CONVERSION = YES;
				CLANG_WARN_DEPRECATED_OBJC_IMPLEMENTATIONS = YES;
				CLANG_WARN_DIRECT_OBJC_ISA_USAGE = YES_ERROR;
				CLANG_WARN_DOCUMENTATION_COMMENTS = YES;
				CLANG_WARN_EMPTY_BODY = YES;
				CLANG_WARN_ENUM_CONVERSION = YES;
				CLANG_WARN_INFINITE_RECURSION = YES;
				CLANG_WARN_INT_CONVERSION = YES;
				CLANG_WARN_NON_LITERAL_NULL_CONVERSION = YES;
				CLANG_WARN_OBJC_IMPLICIT_RETAIN_SELF = YES;
				CLANG_WARN_OBJC_LITERAL_CONVERSION = YES;
				CLANG_WARN_OBJC_ROOT_CLASS = YES_ERROR;
				CLANG_WARN_RANGE_LOOP_ANALYSIS = YES;
				CLANG_WARN_STRICT_PROTOTYPES = YES;
				CLANG_WARN_SUSPICIOUS_MOVE = YES;
				CLANG_WARN_UNGUARDED_AVAILABILITY = YES_AGGRESSIVE;
				CLANG_WARN_UNREACHABLE_CODE = YES;
				CLANG_WARN__DUPLICATE_METHOD_MATCH = YES;
				CODE_SIGN_IDENTITY = "iPhone Developer";
				COPY_PHASE_STRIP = NO;
				DEBUG_INFORMATION_FORMAT = "dwarf-with-dsym";
				ENABLE_NS_ASSERTIONS = NO;
				ENABLE_STRICT_OBJC_MSGSEND = YES;
				GCC_C_LANGUAGE_STANDARD = gnu11;
				GCC_NO_COMMON_BLOCKS = YES;
				GCC_WARN_64_TO_32_BIT_CONVERSION = YES;
				GCC_WARN_ABOUT_RETURN_TYPE = YES_ERROR;
				GCC_WARN_UNDECLARED_SELECTOR = YES;
				GCC_WARN_UNINITIALIZED_AUTOS = YES_AGGRESSIVE;
				GCC_WARN_UNUSED_FUNCTION = YES;
				GCC_WARN_UNUSED_VARIABLE = YES;
				IPHONEOS_DEPLOYMENT_TARGET = 12.2;
				MTL_ENABLE_DEBUG_INFO = NO;
				MTL_FAST_MATH = YES;
				SDKROOT = iphoneos;
				SWIFT_COMPILATION_MODE = wholemodule;
				SWIFT_OPTIMIZATION_LEVEL = "-O";
				VALIDATE_PRODUCT = YES;
			};
			name = Release;
		};
		BB3FB0E822909EED00AC4370 /* Debug */ = {
			isa = XCBuildConfiguration;
			buildSettings = {
				ASSETCATALOG_COMPILER_APPICON_NAME = AppIcon;
				CODE_SIGN_STYLE = Automatic;
				DEVELOPMENT_TEAM = "";
				INFOPLIST_FILE = WikipediaDeepLink/Application/Info.plist;
				LD_RUNPATH_SEARCH_PATHS = (
					"$(inherited)",
					"@executable_path/Frameworks",
				);
				PRODUCT_BUNDLE_IDENTIFIER = com.wikipedia.app.WikipediaDeepLink;
				PRODUCT_NAME = "$(TARGET_NAME)";
				SWIFT_VERSION = 5.0;
				TARGETED_DEVICE_FAMILY = "1,2";
			};
			name = Debug;
		};
		BB3FB0E922909EED00AC4370 /* Release */ = {
			isa = XCBuildConfiguration;
			buildSettings = {
				ASSETCATALOG_COMPILER_APPICON_NAME = AppIcon;
				CODE_SIGN_STYLE = Automatic;
				DEVELOPMENT_TEAM = "";
				INFOPLIST_FILE = WikipediaDeepLink/Application/Info.plist;
				LD_RUNPATH_SEARCH_PATHS = (
					"$(inherited)",
					"@executable_path/Frameworks",
				);
				PRODUCT_BUNDLE_IDENTIFIER = com.wikipedia.app.WikipediaDeepLink;
				PRODUCT_NAME = "$(TARGET_NAME)";
				SWIFT_VERSION = 5.0;
				TARGETED_DEVICE_FAMILY = "1,2";
			};
			name = Release;
		};
		BB4F6B2F22918E4C0006F175 /* Debug */ = {
			isa = XCBuildConfiguration;
			buildSettings = {
				BUNDLE_LOADER = "$(TEST_HOST)";
				CODE_SIGN_STYLE = Automatic;
				INFOPLIST_FILE = WikipediaDeepLinkTests/Info.plist;
				LD_RUNPATH_SEARCH_PATHS = (
					"$(inherited)",
					"@executable_path/Frameworks",
					"@loader_path/Frameworks",
				);
				PRODUCT_BUNDLE_IDENTIFIER = com.wikipedia.test.WikipediaDeepLinkTests;
				PRODUCT_NAME = "$(TARGET_NAME)";
				SWIFT_VERSION = 5.0;
				TARGETED_DEVICE_FAMILY = "1,2";
				TEST_HOST = "$(BUILT_PRODUCTS_DIR)/WikipediaDeepLink.app/WikipediaDeepLink";
			};
			name = Debug;
		};
		BB4F6B3022918E4C0006F175 /* Release */ = {
			isa = XCBuildConfiguration;
			buildSettings = {
				BUNDLE_LOADER = "$(TEST_HOST)";
				CODE_SIGN_STYLE = Automatic;
				INFOPLIST_FILE = WikipediaDeepLinkTests/Info.plist;
				LD_RUNPATH_SEARCH_PATHS = (
					"$(inherited)",
					"@executable_path/Frameworks",
					"@loader_path/Frameworks",
				);
				PRODUCT_BUNDLE_IDENTIFIER = com.wikipedia.test.WikipediaDeepLinkTests;
				PRODUCT_NAME = "$(TARGET_NAME)";
				SWIFT_VERSION = 5.0;
				TARGETED_DEVICE_FAMILY = "1,2";
				TEST_HOST = "$(BUILT_PRODUCTS_DIR)/WikipediaDeepLink.app/WikipediaDeepLink";
			};
			name = Release;
		};
/* End XCBuildConfiguration section */

/* Begin XCConfigurationList section */
		BB3FB0D022909EEC00AC4370 /* Build configuration list for PBXProject "WikipediaDeepLink" */ = {
			isa = XCConfigurationList;
			buildConfigurations = (
				BB3FB0E522909EED00AC4370 /* Debug */,
				BB3FB0E622909EED00AC4370 /* Release */,
			);
			defaultConfigurationIsVisible = 0;
			defaultConfigurationName = Release;
		};
		BB3FB0E722909EED00AC4370 /* Build configuration list for PBXNativeTarget "WikipediaDeepLink" */ = {
			isa = XCConfigurationList;
			buildConfigurations = (
				BB3FB0E822909EED00AC4370 /* Debug */,
				BB3FB0E922909EED00AC4370 /* Release */,
			);
			defaultConfigurationIsVisible = 0;
			defaultConfigurationName = Release;
		};
		BB4F6B3122918E4C0006F175 /* Build configuration list for PBXNativeTarget "WikipediaDeepLinkTests" */ = {
			isa = XCConfigurationList;
			buildConfigurations = (
				BB4F6B2F22918E4C0006F175 /* Debug */,
				BB4F6B3022918E4C0006F175 /* Release */,
			);
			defaultConfigurationIsVisible = 0;
			defaultConfigurationName = Release;
		};
/* End XCConfigurationList section */
	};
	rootObject = BB3FB0CD22909EEC00AC4370 /* Project object */;
}
